
Microsoft Visual Studio Solution File, Format Version 12.00
Project("{FAE04EC0-301F-11D3-BF4B-00C04F79EFBC}") = "JWTAuthenticationAuthorization", "JWTAuthenticationAuthorization\JWTAuthenticationAuthorization.csproj", "{369A422B-5D61-45A8-9CB8-3E5FC643DAEC}"
EndProject
Global
	GlobalSection(SolutionConfigurationPlatforms) = preSolution
		Debug|Any CPU = Debug|Any CPU
		Release|Any CPU = Release|Any CPU
	EndGlobalSection
	GlobalSection(ProjectConfigurationPlatforms) = postSolution
		{369A422B-5D61-45A8-9CB8-3E5FC643DAEC}.Debug|Any CPU.ActiveCfg = Debug|Any CPU
		{369A422B-5D61-45A8-9CB8-3E5FC643DAEC}.Debug|Any CPU.Build.0 = Debug|Any CPU
		{369A422B-5D61-45A8-9CB8-3E5FC643DAEC}.Release|Any CPU.ActiveCfg = Release|Any CPU
		{369A422B-5D61-45A8-9CB8-3E5FC643DAEC}.Release|Any CPU.Build.0 = Release|Any CPU
	EndGlobalSection
EndGlobal
